
Microsoft Visual Studio Solution File, Format Version 12.00
# Visual Studio Version 17
VisualStudioVersion = 17.5.33530.505
MinimumVisualStudioVersion = 10.0.40219.1
Project("{FAE04EC0-301F-11D3-BF4B-00C04F79EFBC}") = "Rock-Paper-Scissor", "Rock-Paper-Scissor\Rock-Paper-Scissor.csproj", "{FF04891A-A13D-4A17-B8E4-F214076B64A7}"
EndProject
Global
	GlobalSection(SolutionConfigurationPlatforms) = preSolution
		Debug|Any CPU = Debug|Any CPU
		Release|Any CPU = Release|Any CPU
	EndGlobalSection
	GlobalSection(ProjectConfigurationPlatforms) = postSolution
		{FF04891A-A13D-4A17-B8E4-F214076B64A7}.Debug|Any CPU.ActiveCfg = Debug|Any CPU
		{FF04891A-A13D-4A17-B8E4-F214076B64A7}.Debug|Any CPU.Build.0 = Debug|Any CPU
		{FF04891A-A13D-4A17-B8E4-F214076B64A7}.Release|Any CPU.ActiveCfg = Release|Any CPU
		{FF04891A-A13D-4A17-B8E4-F214076B64A7}.Release|Any CPU.Build.0 = Release|Any CPU
	EndGlobalSection
	GlobalSection(SolutionProperties) = preSolution
		HideSolutionNode = FALSE
	EndGlobalSection
	GlobalSection(ExtensibilityGlobals) = postSolution
		SolutionGuid = {1019B02E-F4BA-4250-97BA-919E31E67FFE}
	EndGlobalSection
EndGlobal
